// !$*UTF8*$!
{
	archiveVersion = 1;
	classes = {
	};
	objectVersion = 56;
	objects = {

/* Begin PBXBuildFile section */
		8C7FA43B2B45051100C38659 /* AirbnbApp.swift in Sources */ = {isa = PBXBuildFile; fileRef = 8C7FA43A2B45051100C38659 /* AirbnbApp.swift */; };
		8C7FA43D2B45051100C38659 /* ContentView.swift in Sources */ = {isa = PBXBuildFile; fileRef = 8C7FA43C2B45051100C38659 /* ContentView.swift */; };
		8C7FA43F2B45051800C38659 /* Assets.xcassets in Resources */ = {isa = PBXBuildFile; fileRef = 8C7FA43E2B45051800C38659 /* Assets.xcassets */; };
		8C7FA4422B45051800C38659 /* Preview Assets.xcassets in Resources */ = {isa = PBXBuildFile; fileRef = 8C7FA4412B45051800C38659 /* Preview Assets.xcassets */; };
		8C7FA44C2B45051900C38659 /* AirbnbTests.swift in Sources */ = {isa = PBXBuildFile; fileRef = 8C7FA44B2B45051900C38659 /* AirbnbTests.swift */; };
		8C7FA4562B45051900C38659 /* AirbnbUITests.swift in Sources */ = {isa = PBXBuildFile; fileRef = 8C7FA4552B45051900C38659 /* AirbnbUITests.swift */; };
		8C7FA4582B45051900C38659 /* AirbnbUITestsLaunchTests.swift in Sources */ = {isa = PBXBuildFile; fileRef = 8C7FA4572B45051900C38659 /* AirbnbUITestsLaunchTests.swift */; };
		8C7FA4722B45082C00C38659 /* ExploreView.swift in Sources */ = {isa = PBXBuildFile; fileRef = 8C7FA4712B45082C00C38659 /* ExploreView.swift */; };
		8C7FA4742B450BC700C38659 /* ListingItemView.swift in Sources */ = {isa = PBXBuildFile; fileRef = 8C7FA4732B450BC700C38659 /* ListingItemView.swift */; };
		8CDDC4E82B451A4A00702BA2 /* SearchAndFilterBar.swift in Sources */ = {isa = PBXBuildFile; fileRef = 8CDDC4E72B451A4A00702BA2 /* SearchAndFilterBar.swift */; };
		8CDDC4EA2B45316400702BA2 /* ListingDetail.swift in Sources */ = {isa = PBXBuildFile; fileRef = 8CDDC4E92B45316400702BA2 /* ListingDetail.swift */; };
		8CDDC4ED2B4531F000702BA2 /* ListingImageCarouselView.swift in Sources */ = {isa = PBXBuildFile; fileRef = 8CDDC4EC2B4531F000702BA2 /* ListingImageCarouselView.swift */; };
/* End PBXBuildFile section */

/* Begin PBXContainerItemProxy section */
		8C7FA4482B45051900C38659 /* PBXContainerItemProxy */ = {
			isa = PBXContainerItemProxy;
			containerPortal = 8C7FA42F2B45051100C38659 /* Project object */;
			proxyType = 1;
			remoteGlobalIDString = 8C7FA4362B45051100C38659;
			remoteInfo = Airbnb;
		};
		8C7FA4522B45051900C38659 /* PBXContainerItemProxy */ = {
			isa = PBXContainerItemProxy;
			containerPortal = 8C7FA42F2B45051100C38659 /* Project object */;
			proxyType = 1;
			remoteGlobalIDString = 8C7FA4362B45051100C38659;
			remoteInfo = Airbnb;
		};
/* End PBXContainerItemProxy section */

/* Begin PBXFileReference section */
		8C7FA4372B45051100C38659 /* Airbnb.app */ = {isa = PBXFileReference; explicitFileType = wrapper.application; includeInIndex = 0; path = Airbnb.app; sourceTree = BUILT_PRODUCTS_DIR; };
		8C7FA43A2B45051100C38659 /* AirbnbApp.swift */ = {isa = PBXFileReference; lastKnownFileType = sourcecode.swift; path = AirbnbApp.swift; sourceTree = "<group>"; };
		8C7FA43C2B45051100C38659 /* ContentView.swift */ = {isa = PBXFileReference; lastKnownFileType = sourcecode.swift; path = ContentView.swift; sourceTree = "<group>"; };
		8C7FA43E2B45051800C38659 /* Assets.xcassets */ = {isa = PBXFileReference; lastKnownFileType = folder.assetcatalog; path = Assets.xcassets; sourceTree = "<group>"; };
		8C7FA4412B45051800C38659 /* Preview Assets.xcassets */ = {isa = PBXFileReference; lastKnownFileType = folder.assetcatalog; path = "Preview Assets.xcassets"; sourceTree = "<group>"; };
		8C7FA4472B45051900C38659 /* AirbnbTests.xctest */ = {isa = PBXFileReference; explicitFileType = wrapper.cfbundle; includeInIndex = 0; path = AirbnbTests.xctest; sourceTree = BUILT_PRODUCTS_DIR; };
		8C7FA44B2B45051900C38659 /* AirbnbTests.swift */ = {isa = PBXFileReference; lastKnownFileType = sourcecode.swift; path = AirbnbTests.swift; sourceTree = "<group>"; };
		8C7FA4512B45051900C38659 /* AirbnbUITests.xctest */ = {isa = PBXFileReference; explicitFileType = wrapper.cfbundle; includeInIndex = 0; path = AirbnbUITests.xctest; sourceTree = BUILT_PRODUCTS_DIR; };
		8C7FA4552B45051900C38659 /* AirbnbUITests.swift */ = {isa = PBXFileReference; lastKnownFileType = sourcecode.swift; path = AirbnbUITests.swift; sourceTree = "<group>"; };
		8C7FA4572B45051900C38659 /* AirbnbUITestsLaunchTests.swift */ = {isa = PBXFileReference; lastKnownFileType = sourcecode.swift; path = AirbnbUITestsLaunchTests.swift; sourceTree = "<group>"; };
		8C7FA4712B45082C00C38659 /* ExploreView.swift */ = {isa = PBXFileReference; lastKnownFileType = sourcecode.swift; path = ExploreView.swift; sourceTree = "<group>"; };
		8C7FA4732B450BC700C38659 /* ListingItemView.swift */ = {isa = PBXFileReference; lastKnownFileType = sourcecode.swift; path = ListingItemView.swift; sourceTree = "<group>"; };
		8CDDC4E72B451A4A00702BA2 /* SearchAndFilterBar.swift */ = {isa = PBXFileReference; lastKnownFileType = sourcecode.swift; path = SearchAndFilterBar.swift; sourceTree = "<group>"; };
		8CDDC4E92B45316400702BA2 /* ListingDetail.swift */ = {isa = PBXFileReference; lastKnownFileType = sourcecode.swift; path = ListingDetail.swift; sourceTree = "<group>"; };
		8CDDC4EC2B4531F000702BA2 /* ListingImageCarouselView.swift */ = {isa = PBXFileReference; lastKnownFileType = sourcecode.swift; path = ListingImageCarouselView.swift; sourceTree = "<group>"; };
/* End PBXFileReference section */

/* Begin PBXFrameworksBuildPhase section */
		8C7FA4342B45051100C38659 /* Frameworks */ = {
			isa = PBXFrameworksBuildPhase;
			buildActionMask = 2147483647;
			files = (
			);
			runOnlyForDeploymentPostprocessing = 0;
		};
		8C7FA4442B45051900C38659 /* Frameworks */ = {
			isa = PBXFrameworksBuildPhase;
			buildActionMask = 2147483647;
			files = (
			);
			runOnlyForDeploymentPostprocessing = 0;
		};
		8C7FA44E2B45051900C38659 /* Frameworks */ = {
			isa = PBXFrameworksBuildPhase;
			buildActionMask = 2147483647;
			files = (
			);
			runOnlyForDeploymentPostprocessing = 0;
		};
/* End PBXFrameworksBuildPhase section */

/* Begin PBXGroup section */
		8C7FA42E2B45051100C38659 = {
			isa = PBXGroup;
			children = (
				8C7FA4392B45051100C38659 /* Airbnb */,
				8C7FA44A2B45051900C38659 /* AirbnbTests */,
				8C7FA4542B45051900C38659 /* AirbnbUITests */,
				8C7FA4382B45051100C38659 /* Products */,
			);
			sourceTree = "<group>";
		};
		8C7FA4382B45051100C38659 /* Products */ = {
			isa = PBXGroup;
			children = (
				8C7FA4372B45051100C38659 /* Airbnb.app */,
				8C7FA4472B45051900C38659 /* AirbnbTests.xctest */,
				8C7FA4512B45051900C38659 /* AirbnbUITests.xctest */,
			);
			name = Products;
			sourceTree = "<group>";
		};
		8C7FA4392B45051100C38659 /* Airbnb */ = {
			isa = PBXGroup;
			children = (
				8C7FA4682B4505CF00C38659 /* Utils */,
				8C7FA4672B45058700C38659 /* Models */,
				8C7FA4662B45054E00C38659 /* App */,
				8C7FA4652B45054A00C38659 /* Core */,
				8C7FA4642B45054800C38659 /* Extentions */,
				8C7FA43A2B45051100C38659 /* AirbnbApp.swift */,
				8C7FA43C2B45051100C38659 /* ContentView.swift */,
				8C7FA43E2B45051800C38659 /* Assets.xcassets */,
				8C7FA4402B45051800C38659 /* Preview Content */,
			);
			path = Airbnb;
			sourceTree = "<group>";
		};
		8C7FA4402B45051800C38659 /* Preview Content */ = {
			isa = PBXGroup;
			children = (
				8C7FA4412B45051800C38659 /* Preview Assets.xcassets */,
			);
			path = "Preview Content";
			sourceTree = "<group>";
		};
		8C7FA44A2B45051900C38659 /* AirbnbTests */ = {
			isa = PBXGroup;
			children = (
				8C7FA44B2B45051900C38659 /* AirbnbTests.swift */,
			);
			path = AirbnbTests;
			sourceTree = "<group>";
		};
		8C7FA4542B45051900C38659 /* AirbnbUITests */ = {
			isa = PBXGroup;
			children = (
				8C7FA4552B45051900C38659 /* AirbnbUITests.swift */,
				8C7FA4572B45051900C38659 /* AirbnbUITestsLaunchTests.swift */,
			);
			path = AirbnbUITests;
			sourceTree = "<group>";
		};
		8C7FA4642B45054800C38659 /* Extentions */ = {
			isa = PBXGroup;
			children = (
			);
			path = Extentions;
			sourceTree = "<group>";
		};
		8C7FA4652B45054A00C38659 /* Core */ = {
			isa = PBXGroup;
			children = (
				8CDDC4EB2B4531D100702BA2 /* Components */,
				8C7FA4692B4505F700C38659 /* Explore */,
				8C7FA46F2B45069400C38659 /* Listings */,
				8C7FA46E2B45068B00C38659 /* MapView */,
				8C7FA46D2B45066B00C38659 /* Profile */,
				8C7FA46C2B45065800C38659 /* Wishlists */,
				8C7FA46B2B45064A00C38659 /* TapBar */,
				8C7FA46A2B45063E00C38659 /* Root */,
			);
			path = Core;
			sourceTree = "<group>";
		};
		8C7FA4662B45054E00C38659 /* App */ = {
			isa = PBXGroup;
			children = (
			);
			path = App;
			sourceTree = "<group>";
		};
		8C7FA4672B45058700C38659 /* Models */ = {
			isa = PBXGroup;
			children = (
			);
			path = Models;
			sourceTree = "<group>";
		};
		8C7FA4682B4505CF00C38659 /* Utils */ = {
			isa = PBXGroup;
			children = (
			);
			path = Utils;
			sourceTree = "<group>";
		};
		8C7FA4692B4505F700C38659 /* Explore */ = {
			isa = PBXGroup;
			children = (
				8C7FA4712B45082C00C38659 /* ExploreView.swift */,
				8CDDC4E72B451A4A00702BA2 /* SearchAndFilterBar.swift */,
			);
			path = Explore;
			sourceTree = "<group>";
		};
		8C7FA46A2B45063E00C38659 /* Root */ = {
			isa = PBXGroup;
			children = (
			);
			path = Root;
			sourceTree = "<group>";
		};
		8C7FA46B2B45064A00C38659 /* TapBar */ = {
			isa = PBXGroup;
			children = (
			);
			path = TapBar;
			sourceTree = "<group>";
		};
		8C7FA46C2B45065800C38659 /* Wishlists */ = {
			isa = PBXGroup;
			children = (
			);
			path = Wishlists;
			sourceTree = "<group>";
		};
		8C7FA46D2B45066B00C38659 /* Profile */ = {
			isa = PBXGroup;
			children = (
			);
			path = Profile;
			sourceTree = "<group>";
		};
		8C7FA46E2B45068B00C38659 /* MapView */ = {
			isa = PBXGroup;
			children = (
			);
			path = MapView;
			sourceTree = "<group>";
		};
		8C7FA46F2B45069400C38659 /* Listings */ = {
			isa = PBXGroup;
			children = (
				8C7FA4732B450BC700C38659 /* ListingItemView.swift */,
				8CDDC4E92B45316400702BA2 /* ListingDetail.swift */,
			);
			path = Listings;
			sourceTree = "<group>";
		};
		8CDDC4EB2B4531D100702BA2 /* Components */ = {
			isa = PBXGroup;
			children = (
				8CDDC4EC2B4531F000702BA2 /* ListingImageCarouselView.swift */,
			);
			path = Components;
			sourceTree = "<group>";
		};
/* End PBXGroup section */

/* Begin PBXNativeTarget section */
		8C7FA4362B45051100C38659 /* Airbnb */ = {
			isa = PBXNativeTarget;
			buildConfigurationList = 8C7FA45B2B45051900C38659 /* Build configuration list for PBXNativeTarget "Airbnb" */;
			buildPhases = (
				8C7FA4332B45051100C38659 /* Sources */,
				8C7FA4342B45051100C38659 /* Frameworks */,
				8C7FA4352B45051100C38659 /* Resources */,
			);
			buildRules = (
			);
			dependencies = (
			);
			name = Airbnb;
			productName = Airbnb;
			productReference = 8C7FA4372B45051100C38659 /* Airbnb.app */;
			productType = "com.apple.product-type.application";
		};
		8C7FA4462B45051900C38659 /* AirbnbTests */ = {
			isa = PBXNativeTarget;
			buildConfigurationList = 8C7FA45E2B45051900C38659 /* Build configuration list for PBXNativeTarget "AirbnbTests" */;
			buildPhases = (
				8C7FA4432B45051900C38659 /* Sources */,
				8C7FA4442B45051900C38659 /* Frameworks */,
				8C7FA4452B45051900C38659 /* Resources */,
			);
			buildRules = (
			);
			dependencies = (
				8C7FA4492B45051900C38659 /* PBXTargetDependency */,
			);
			name = AirbnbTests;
			productName = AirbnbTests;
			productReference = 8C7FA4472B45051900C38659 /* AirbnbTests.xctest */;
			productType = "com.apple.product-type.bundle.unit-test";
		};
		8C7FA4502B45051900C38659 /* AirbnbUITests */ = {
			isa = PBXNativeTarget;
			buildConfigurationList = 8C7FA4612B45051900C38659 /* Build configuration list for PBXNativeTarget "AirbnbUITests" */;
			buildPhases = (
				8C7FA44D2B45051900C38659 /* Sources */,
				8C7FA44E2B45051900C38659 /* Frameworks */,
				8C7FA44F2B45051900C38659 /* Resources */,
			);
			buildRules = (
			);
			dependencies = (
				8C7FA4532B45051900C38659 /* PBXTargetDependency */,
			);
			name = AirbnbUITests;
			productName = AirbnbUITests;
			productReference = 8C7FA4512B45051900C38659 /* AirbnbUITests.xctest */;
			productType = "com.apple.product-type.bundle.ui-testing";
		};
/* End PBXNativeTarget section */

/* Begin PBXProject section */
		8C7FA42F2B45051100C38659 /* Project object */ = {
			isa = PBXProject;
			attributes = {
				BuildIndependentTargetsInParallel = 1;
				LastSwiftUpdateCheck = 1430;
				LastUpgradeCheck = 1430;
				TargetAttributes = {
					8C7FA4362B45051100C38659 = {
						CreatedOnToolsVersion = 14.3.1;
					};
					8C7FA4462B45051900C38659 = {
						CreatedOnToolsVersion = 14.3.1;
						TestTargetID = 8C7FA4362B45051100C38659;
					};
					8C7FA4502B45051900C38659 = {
						CreatedOnToolsVersion = 14.3.1;
						TestTargetID = 8C7FA4362B45051100C38659;
					};
				};
			};
			buildConfigurationList = 8C7FA4322B45051100C38659 /* Build configuration list for PBXProject "Airbnb" */;
			compatibilityVersion = "Xcode 14.0";
			developmentRegion = en;
			hasScannedForEncodings = 0;
			knownRegions = (
				en,
				Base,
			);
			mainGroup = 8C7FA42E2B45051100C38659;
			productRefGroup = 8C7FA4382B45051100C38659 /* Products */;
			projectDirPath = "";
			projectRoot = "";
			targets = (
				8C7FA4362B45051100C38659 /* Airbnb */,
				8C7FA4462B45051900C38659 /* AirbnbTests */,
				8C7FA4502B45051900C38659 /* AirbnbUITests */,
			);
		};
/* End PBXProject section */

/* Begin PBXResourcesBuildPhase section */
		8C7FA4352B45051100C38659 /* Resources */ = {
			isa = PBXResourcesBuildPhase;
			buildActionMask = 2147483647;
			files = (
				8C7FA4422B45051800C38659 /* Preview Assets.xcassets in Resources */,
				8C7FA43F2B45051800C38659 /* Assets.xcassets in Resources */,
			);
			runOnlyForDeploymentPostprocessing = 0;
		};
		8C7FA4452B45051900C38659 /* Resources */ = {
			isa = PBXResourcesBuildPhase;
			buildActionMask = 2147483647;
			files = (
			);
			runOnlyForDeploymentPostprocessing = 0;
		};
		8C7FA44F2B45051900C38659 /* Resources */ = {
			isa = PBXResourcesBuildPhase;
			buildActionMask = 2147483647;
			files = (
			);
			runOnlyForDeploymentPostprocessing = 0;
		};
/* End PBXResourcesBuildPhase section */

/* Begin PBXSourcesBuildPhase section */
		8C7FA4332B45051100C38659 /* Sources */ = {
			isa = PBXSourcesBuildPhase;
			buildActionMask = 2147483647;
			files = (
				8CDDC4ED2B4531F000702BA2 /* ListingImageCarouselView.swift in Sources */,
				8C7FA43D2B45051100C38659 /* ContentView.swift in Sources */,
				8C7FA4742B450BC700C38659 /* ListingItemView.swift in Sources */,
				8C7FA4722B45082C00C38659 /* ExploreView.swift in Sources */,
				8CDDC4E82B451A4A00702BA2 /* SearchAndFilterBar.swift in Sources */,
				8C7FA43B2B45051100C38659 /* AirbnbApp.swift in Sources */,
				8CDDC4EA2B45316400702BA2 /* ListingDetail.swift in Sources */,
			);
			runOnlyForDeploymentPostprocessing = 0;
		};
		8C7FA4432B45051900C38659 /* Sources */ = {
			isa = PBXSourcesBuildPhase;
			buildActionMask = 2147483647;
			files = (
				8C7FA44C2B45051900C38659 /* AirbnbTests.swift in Sources */,
			);
			runOnlyForDeploymentPostprocessing = 0;
		};
		8C7FA44D2B45051900C38659 /* Sources */ = {
			isa = PBXSourcesBuildPhase;
			buildActionMask = 2147483647;
			files = (
				8C7FA4582B45051900C38659 /* AirbnbUITestsLaunchTests.swift in Sources */,
				8C7FA4562B45051900C38659 /* AirbnbUITests.swift in Sources */,
			);
			runOnlyForDeploymentPostprocessing = 0;
		};
/* End PBXSourcesBuildPhase section */

/* Begin PBXTargetDependency section */
		8C7FA4492B45051900C38659 /* PBXTargetDependency */ = {
			isa = PBXTargetDependency;
			target = 8C7FA4362B45051100C38659 /* Airbnb */;
			targetProxy = 8C7FA4482B45051900C38659 /* PBXContainerItemProxy */;
		};
		8C7FA4532B45051900C38659 /* PBXTargetDependency */ = {
			isa = PBXTargetDependency;
			target = 8C7FA4362B45051100C38659 /* Airbnb */;
			targetProxy = 8C7FA4522B45051900C38659 /* PBXContainerItemProxy */;
		};
/* End PBXTargetDependency section */

/* Begin XCBuildConfiguration section */
		8C7FA4592B45051900C38659 /* Debug */ = {
			isa = XCBuildConfiguration;
			buildSettings = {
				ALWAYS_SEARCH_USER_PATHS = NO;
				CLANG_ANALYZER_NONNULL = YES;
				CLANG_ANALYZER_NUMBER_OBJECT_CONVERSION = YES_AGGRESSIVE;
				CLANG_CXX_LANGUAGE_STANDARD = "gnu++20";
				CLANG_ENABLE_MODULES = YES;
				CLANG_ENABLE_OBJC_ARC = YES;
				CLANG_ENABLE_OBJC_WEAK = YES;
				CLANG_WARN_BLOCK_CAPTURE_AUTORELEASING = YES;
				CLANG_WARN_BOOL_CONVERSION = YES;
				CLANG_WARN_COMMA = YES;
				CLANG_WARN_CONSTANT_CONVERSION = YES;
				CLANG_WARN_DEPRECATED_OBJC_IMPLEMENTATIONS = YES;
				CLANG_WARN_DIRECT_OBJC_ISA_USAGE = YES_ERROR;
				CLANG_WARN_DOCUMENTATION_COMMENTS = YES;
				CLANG_WARN_EMPTY_BODY = YES;
				CLANG_WARN_ENUM_CONVERSION = YES;
				CLANG_WARN_INFINITE_RECURSION = YES;
				CLANG_WARN_INT_CONVERSION = YES;
				CLANG_WARN_NON_LITERAL_NULL_CONVERSION = YES;
				CLANG_WARN_OBJC_IMPLICIT_RETAIN_SELF = YES;
				CLANG_WARN_OBJC_LITERAL_CONVERSION = YES;
				CLANG_WARN_OBJC_ROOT_CLASS = YES_ERROR;
				CLANG_WARN_QUOTED_INCLUDE_IN_FRAMEWORK_HEADER = YES;
				CLANG_WARN_RANGE_LOOP_ANALYSIS = YES;
				CLANG_WARN_STRICT_PROTOTYPES = YES;
				CLANG_WARN_SUSPICIOUS_MOVE = YES;
				CLANG_WARN_UNGUARDED_AVAILABILITY = YES_AGGRESSIVE;
				CLANG_WARN_UNREACHABLE_CODE = YES;
				CLANG_WARN__DUPLICATE_METHOD_MATCH = YES;
				COPY_PHASE_STRIP = NO;
				DEBUG_INFORMATION_FORMAT = dwarf;
				ENABLE_STRICT_OBJC_MSGSEND = YES;
				ENABLE_TESTABILITY = YES;
				GCC_C_LANGUAGE_STANDARD = gnu11;
				GCC_DYNAMIC_NO_PIC = NO;
				GCC_NO_COMMON_BLOCKS = YES;
				GCC_OPTIMIZATION_LEVEL = 0;
				GCC_PREPROCESSOR_DEFINITIONS = (
					"DEBUG=1",
					"$(inherited)",
				);
				GCC_WARN_64_TO_32_BIT_CONVERSION = YES;
				GCC_WARN_ABOUT_RETURN_TYPE = YES_ERROR;
				GCC_WARN_UNDECLARED_SELECTOR = YES;
				GCC_WARN_UNINITIALIZED_AUTOS = YES_AGGRESSIVE;
				GCC_WARN_UNUSED_FUNCTION = YES;
				GCC_WARN_UNUSED_VARIABLE = YES;
				IPHONEOS_DEPLOYMENT_TARGET = 16.4;
				MTL_ENABLE_DEBUG_INFO = INCLUDE_SOURCE;
				MTL_FAST_MATH = YES;
				ONLY_ACTIVE_ARCH = YES;
				SDKROOT = iphoneos;
				SWIFT_ACTIVE_COMPILATION_CONDITIONS = DEBUG;
				SWIFT_OPTIMIZATION_LEVEL = "-Onone";
			};
			name = Debug;
		};
		8C7FA45A2B45051900C38659 /* Release */ = {
			isa = XCBuildConfiguration;
			buildSettings = {
				ALWAYS_SEARCH_USER_PATHS = NO;
				CLANG_ANALYZER_NONNULL = YES;
				CLANG_ANALYZER_NUMBER_OBJECT_CONVERSION = YES_AGGRESSIVE;
				CLANG_CXX_LANGUAGE_STANDARD = "gnu++20";
				CLANG_ENABLE_MODULES = YES;
				CLANG_ENABLE_OBJC_ARC = YES;
				CLANG_ENABLE_OBJC_WEAK = YES;
				CLANG_WARN_BLOCK_CAPTURE_AUTORELEASING = YES;
				CLANG_WARN_BOOL_CONVERSION = YES;
				CLANG_WARN_COMMA = YES;
				CLANG_WARN_CONSTANT_CONVERSION = YES;
				CLANG_WARN_DEPRECATED_OBJC_IMPLEMENTATIONS = YES;
				CLANG_WARN_DIRECT_OBJC_ISA_USAGE = YES_ERROR;
				CLANG_WARN_DOCUMENTATION_COMMENTS = YES;
				CLANG_WARN_EMPTY_BODY = YES;
				CLANG_WARN_ENUM_CONVERSION = YES;
				CLANG_WARN_INFINITE_RECURSION = YES;
				CLANG_WARN_INT_CONVERSION = YES;
				CLANG_WARN_NON_LITERAL_NULL_CONVERSION = YES;
				CLANG_WARN_OBJC_IMPLICIT_RETAIN_SELF = YES;
				CLANG_WARN_OBJC_LITERAL_CONVERSION = YES;
				CLANG_WARN_OBJC_ROOT_CLASS = YES_ERROR;
				CLANG_WARN_QUOTED_INCLUDE_IN_FRAMEWORK_HEADER = YES;
				CLANG_WARN_RANGE_LOOP_ANALYSIS = YES;
				CLANG_WARN_STRICT_PROTOTYPES = YES;
				CLANG_WARN_SUSPICIOUS_MOVE = YES;
				CLANG_WARN_UNGUARDED_AVAILABILITY = YES_AGGRESSIVE;
				CLANG_WARN_UNREACHABLE_CODE = YES;
				CLANG_WARN__DUPLICATE_METHOD_MATCH = YES;
				COPY_PHASE_STRIP = NO;
				DEBUG_INFORMATION_FORMAT = "dwarf-with-dsym";
				ENABLE_NS_ASSERTIONS = NO;
				ENABLE_STRICT_OBJC_MSGSEND = YES;
				GCC_C_LANGUAGE_STANDARD = gnu11;
				GCC_NO_COMMON_BLOCKS = YES;
				GCC_WARN_64_TO_32_BIT_CONVERSION = YES;
				GCC_WARN_ABOUT_RETURN_TYPE = YES_ERROR;
				GCC_WARN_UNDECLARED_SELECTOR = YES;
				GCC_WARN_UNINITIALIZED_AUTOS = YES_AGGRESSIVE;
				GCC_WARN_UNUSED_FUNCTION = YES;
				GCC_WARN_UNUSED_VARIABLE = YES;
				IPHONEOS_DEPLOYMENT_TARGET = 16.4;
				MTL_ENABLE_DEBUG_INFO = NO;
				MTL_FAST_MATH = YES;
				SDKROOT = iphoneos;
				SWIFT_COMPILATION_MODE = wholemodule;
				SWIFT_OPTIMIZATION_LEVEL = "-O";
				VALIDATE_PRODUCT = YES;
			};
			name = Release;
		};
		8C7FA45C2B45051900C38659 /* Debug */ = {
			isa = XCBuildConfiguration;
			buildSettings = {
				ASSETCATALOG_COMPILER_APPICON_NAME = AppIcon;
				ASSETCATALOG_COMPILER_GLOBAL_ACCENT_COLOR_NAME = AccentColor;
				CODE_SIGN_STYLE = Automatic;
				CURRENT_PROJECT_VERSION = 1;
				DEVELOPMENT_ASSET_PATHS = "\"Airbnb/Preview Content\"";
				DEVELOPMENT_TEAM = RP7JLUAJAN;
				ENABLE_PREVIEWS = YES;
				GENERATE_INFOPLIST_FILE = YES;
				INFOPLIST_KEY_UIApplicationSceneManifest_Generation = YES;
				INFOPLIST_KEY_UIApplicationSupportsIndirectInputEvents = YES;
				INFOPLIST_KEY_UILaunchScreen_Generation = YES;
				INFOPLIST_KEY_UISupportedInterfaceOrientations_iPad = "UIInterfaceOrientationPortrait UIInterfaceOrientationPortraitUpsideDown UIInterfaceOrientationLandscapeLeft UIInterfaceOrientationLandscapeRight";
				INFOPLIST_KEY_UISupportedInterfaceOrientations_iPhone = "UIInterfaceOrientationPortrait UIInterfaceOrientationLandscapeLeft UIInterfaceOrientationLandscapeRight";
				IPHONEOS_DEPLOYMENT_TARGET = 16.2;
				LD_RUNPATH_SEARCH_PATHS = (
					"$(inherited)",
					"@executable_path/Frameworks",
				);
				MARKETING_VERSION = 1.0;
				PRODUCT_BUNDLE_IDENTIFIER = persional.Airbnb;
				PRODUCT_NAME = "$(TARGET_NAME)";
				SWIFT_EMIT_LOC_STRINGS = YES;
				SWIFT_VERSION = 5.0;
				TARGETED_DEVICE_FAMILY = "1,2";
			};
			name = Debug;
		};
		8C7FA45D2B45051900C38659 /* Release */ = {
			isa = XCBuildConfiguration;
			buildSettings = {
				ASSETCATALOG_COMPILER_APPICON_NAME = AppIcon;
				ASSETCATALOG_COMPILER_GLOBAL_ACCENT_COLOR_NAME = AccentColor;
				CODE_SIGN_STYLE = Automatic;
				CURRENT_PROJECT_VERSION = 1;
				DEVELOPMENT_ASSET_PATHS = "\"Airbnb/Preview Content\"";
				DEVELOPMENT_TEAM = RP7JLUAJAN;
				ENABLE_PREVIEWS = YES;
				GENERATE_INFOPLIST_FILE = YES;
				INFOPLIST_KEY_UIApplicationSceneManifest_Generation = YES;
				INFOPLIST_KEY_UIApplicationSupportsIndirectInputEvents = YES;
				INFOPLIST_KEY_UILaunchScreen_Generation = YES;
				INFOPLIST_KEY_UISupportedInterfaceOrientations_iPad = "UIInterfaceOrientationPortrait UIInterfaceOrientationPortraitUpsideDown UIInterfaceOrientationLandscapeLeft UIInterfaceOrientationLandscapeRight";
				INFOPLIST_KEY_UISupportedInterfaceOrientations_iPhone = "UIInterfaceOrientationPortrait UIInterfaceOrientationLandscapeLeft UIInterfaceOrientationLandscapeRight";
				IPHONEOS_DEPLOYMENT_TARGET = 16.2;
				LD_RUNPATH_SEARCH_PATHS = (
					"$(inherited)",
					"@executable_path/Frameworks",
				);
				MARKETING_VERSION = 1.0;
				PRODUCT_BUNDLE_IDENTIFIER = persional.Airbnb;
				PRODUCT_NAME = "$(TARGET_NAME)";
				SWIFT_EMIT_LOC_STRINGS = YES;
				SWIFT_VERSION = 5.0;
				TARGETED_DEVICE_FAMILY = "1,2";
			};
			name = Release;
		};
		8C7FA45F2B45051900C38659 /* Debug */ = {
			isa = XCBuildConfiguration;
			buildSettings = {
				ALWAYS_EMBED_SWIFT_STANDARD_LIBRARIES = YES;
				BUNDLE_LOADER = "$(TEST_HOST)";
				CODE_SIGN_STYLE = Automatic;
				CURRENT_PROJECT_VERSION = 1;
				DEVELOPMENT_TEAM = RP7JLUAJAN;
				GENERATE_INFOPLIST_FILE = YES;
				IPHONEOS_DEPLOYMENT_TARGET = 16.4;
				MARKETING_VERSION = 1.0;
				PRODUCT_BUNDLE_IDENTIFIER = persional.AirbnbTests;
				PRODUCT_NAME = "$(TARGET_NAME)";
				SWIFT_EMIT_LOC_STRINGS = NO;
				SWIFT_VERSION = 5.0;
				TARGETED_DEVICE_FAMILY = "1,2";
				TEST_HOST = "$(BUILT_PRODUCTS_DIR)/Airbnb.app/$(BUNDLE_EXECUTABLE_FOLDER_PATH)/Airbnb";
			};
			name = Debug;
		};
		8C7FA4602B45051900C38659 /* Release */ = {
			isa = XCBuildConfiguration;
			buildSettings = {
				ALWAYS_EMBED_SWIFT_STANDARD_LIBRARIES = YES;
				BUNDLE_LOADER = "$(TEST_HOST)";
				CODE_SIGN_STYLE = Automatic;
				CURRENT_PROJECT_VERSION = 1;
				DEVELOPMENT_TEAM = RP7JLUAJAN;
				GENERATE_INFOPLIST_FILE = YES;
				IPHONEOS_DEPLOYMENT_TARGET = 16.4;
				MARKETING_VERSION = 1.0;
				PRODUCT_BUNDLE_IDENTIFIER = persional.AirbnbTests;
				PRODUCT_NAME = "$(TARGET_NAME)";
				SWIFT_EMIT_LOC_STRINGS = NO;
				SWIFT_VERSION = 5.0;
				TARGETED_DEVICE_FAMILY = "1,2";
				TEST_HOST = "$(BUILT_PRODUCTS_DIR)/Airbnb.app/$(BUNDLE_EXECUTABLE_FOLDER_PATH)/Airbnb";
			};
			name = Release;
		};
		8C7FA4622B45051900C38659 /* Debug */ = {
			isa = XCBuildConfiguration;
			buildSettings = {
				ALWAYS_EMBED_SWIFT_STANDARD_LIBRARIES = YES;
				CODE_SIGN_STYLE = Automatic;
				CURRENT_PROJECT_VERSION = 1;
				DEVELOPMENT_TEAM = RP7JLUAJAN;
				GENERATE_INFOPLIST_FILE = YES;
				MARKETING_VERSION = 1.0;
				PRODUCT_BUNDLE_IDENTIFIER = persional.AirbnbUITests;
				PRODUCT_NAME = "$(TARGET_NAME)";
				SWIFT_EMIT_LOC_STRINGS = NO;
				SWIFT_VERSION = 5.0;
				TARGETED_DEVICE_FAMILY = "1,2";
				TEST_TARGET_NAME = Airbnb;
			};
			name = Debug;
		};
		8C7FA4632B45051900C38659 /* Release */ = {
			isa = XCBuildConfiguration;
			buildSettings = {
				ALWAYS_EMBED_SWIFT_STANDARD_LIBRARIES = YES;
				CODE_SIGN_STYLE = Automatic;
				CURRENT_PROJECT_VERSION = 1;
				DEVELOPMENT_TEAM = RP7JLUAJAN;
				GENERATE_INFOPLIST_FILE = YES;
				MARKETING_VERSION = 1.0;
				PRODUCT_BUNDLE_IDENTIFIER = persional.AirbnbUITests;
				PRODUCT_NAME = "$(TARGET_NAME)";
				SWIFT_EMIT_LOC_STRINGS = NO;
				SWIFT_VERSION = 5.0;
				TARGETED_DEVICE_FAMILY = "1,2";
				TEST_TARGET_NAME = Airbnb;
			};
			name = Release;
		};
/* End XCBuildConfiguration section */

/* Begin XCConfigurationList section */
		8C7FA4322B45051100C38659 /* Build configuration list for PBXProject "Airbnb" */ = {
			isa = XCConfigurationList;
			buildConfigurations = (
				8C7FA4592B45051900C38659 /* Debug */,
				8C7FA45A2B45051900C38659 /* Release */,
			);
			defaultConfigurationIsVisible = 0;
			defaultConfigurationName = Release;
		};
		8C7FA45B2B45051900C38659 /* Build configuration list for PBXNativeTarget "Airbnb" */ = {
			isa = XCConfigurationList;
			buildConfigurations = (
				8C7FA45C2B45051900C38659 /* Debug */,
				8C7FA45D2B45051900C38659 /* Release */,
			);
			defaultConfigurationIsVisible = 0;
			defaultConfigurationName = Release;
		};
		8C7FA45E2B45051900C38659 /* Build configuration list for PBXNativeTarget "AirbnbTests" */ = {
			isa = XCConfigurationList;
			buildConfigurations = (
				8C7FA45F2B45051900C38659 /* Debug */,
				8C7FA4602B45051900C38659 /* Release */,
			);
			defaultConfigurationIsVisible = 0;
			defaultConfigurationName = Release;
		};
		8C7FA4612B45051900C38659 /* Build configuration list for PBXNativeTarget "AirbnbUITests" */ = {
			isa = XCConfigurationList;
			buildConfigurations = (
				8C7FA4622B45051900C38659 /* Debug */,
				8C7FA4632B45051900C38659 /* Release */,
			);
			defaultConfigurationIsVisible = 0;
			defaultConfigurationName = Release;
		};
/* End XCConfigurationList section */
	};
	rootObject = 8C7FA42F2B45051100C38659 /* Project object */;
}
